// !$*UTF8*$!
{
	archiveVersion = 1;
	classes = {
	};
	objectVersion = 46;
	objects = {

/* Begin PBXBuildFile section */
		411E8C571F583C26000A8F36 /* FlickrPhoto.swift in Sources */ = {isa = PBXBuildFile; fileRef = 411E8C561F583C26000A8F36 /* FlickrPhoto.swift */; };
		411E8C591F583E9B000A8F36 /* FlickrPhotolViewModel.swift in Sources */ = {isa = PBXBuildFile; fileRef = 411E8C581F583E9B000A8F36 /* FlickrPhotolViewModel.swift */; };
		4122EA7D1F52D6070071C546 /* AppDelegate.swift in Sources */ = {isa = PBXBuildFile; fileRef = 4122EA7C1F52D6070071C546 /* AppDelegate.swift */; };
		4122EA821F52D6070071C546 /* Main.storyboard in Resources */ = {isa = PBXBuildFile; fileRef = 4122EA801F52D6070071C546 /* Main.storyboard */; };
		4122EA841F52D6070071C546 /* Assets.xcassets in Resources */ = {isa = PBXBuildFile; fileRef = 4122EA831F52D6070071C546 /* Assets.xcassets */; };
		4122EA871F52D6070071C546 /* LaunchScreen.storyboard in Resources */ = {isa = PBXBuildFile; fileRef = 4122EA851F52D6070071C546 /* LaunchScreen.storyboard */; };
		4122EA901F52D6740071C546 /* PhotoStream.swift in Sources */ = {isa = PBXBuildFile; fileRef = 4122EA8F1F52D6740071C546 /* PhotoStream.swift */; };
		4122EA951F52D67E0071C546 /* API.swift in Sources */ = {isa = PBXBuildFile; fileRef = 4122EA921F52D67E0071C546 /* API.swift */; };
		4122EA961F52D67E0071C546 /* FlickrAPI.swift in Sources */ = {isa = PBXBuildFile; fileRef = 4122EA931F52D67E0071C546 /* FlickrAPI.swift */; };
		4122EA971F52D67E0071C546 /* Util.swift in Sources */ = {isa = PBXBuildFile; fileRef = 4122EA941F52D67E0071C546 /* Util.swift */; };
		4122EA9A1F52D6850071C546 /* ImageCell.swift in Sources */ = {isa = PBXBuildFile; fileRef = 4122EA991F52D6850071C546 /* ImageCell.swift */; };
		4122EAA31F52D9840071C546 /* Icon-60.png in Resources */ = {isa = PBXBuildFile; fileRef = 4122EA9D1F52D9840071C546 /* Icon-60.png */; };
		4122EAA41F52D9840071C546 /* Icon-60@2x.png in Resources */ = {isa = PBXBuildFile; fileRef = 4122EA9E1F52D9840071C546 /* Icon-60@2x.png */; };
		4122EAA51F52D9840071C546 /* Icon-60@3x.png in Resources */ = {isa = PBXBuildFile; fileRef = 4122EA9F1F52D9840071C546 /* Icon-60@3x.png */; };
		4122EAA61F52D9840071C546 /* Icon-Small-40.png in Resources */ = {isa = PBXBuildFile; fileRef = 4122EAA01F52D9840071C546 /* Icon-Small-40.png */; };
		4122EAA71F52D9840071C546 /* Icon-Small-40@2x.png in Resources */ = {isa = PBXBuildFile; fileRef = 4122EAA11F52D9840071C546 /* Icon-Small-40@2x.png */; };
		4122EAA81F52D9840071C546 /* Icon-Small-40@3x.png in Resources */ = {isa = PBXBuildFile; fileRef = 4122EAA21F52D9840071C546 /* Icon-Small-40@3x.png */; };
		412DE8021F5978B10063E24E /* LocationManager.swift in Sources */ = {isa = PBXBuildFile; fileRef = 412DE8011F5978B10063E24E /* LocationManager.swift */; };
		412DE8141F59BEF30063E24E /* FlickrAPITests.swift in Sources */ = {isa = PBXBuildFile; fileRef = 412DE8131F59BEF30063E24E /* FlickrAPITests.swift */; };
		412DE8161F59BF120063E24E /* LocationManagerTests.swift in Sources */ = {isa = PBXBuildFile; fileRef = 412DE8151F59BF120063E24E /* LocationManagerTests.swift */; };
		AEA39531D97F369B3C1B9795 /* Pods_SceneryTracker.framework in Frameworks */ = {isa = PBXBuildFile; fileRef = 813B87CED07A011F27FF0F47 /* Pods_SceneryTracker.framework */; };
		F5F446302709852E25AAA817 /* Pods_SceneryTrackerTests.framework in Frameworks */ = {isa = PBXBuildFile; fileRef = 3ED43BBDD176FDB9F1DD59DA /* Pods_SceneryTrackerTests.framework */; };
/* End PBXBuildFile section */

/* Begin PBXContainerItemProxy section */
		412DE80C1F59BE6C0063E24E /* PBXContainerItemProxy */ = {
			isa = PBXContainerItemProxy;
			containerPortal = 4122EA711F52D6070071C546 /* Project object */;
			proxyType = 1;
			remoteGlobalIDString = 4122EA781F52D6070071C546;
			remoteInfo = SceneryTracker;
		};
/* End PBXContainerItemProxy section */

/* Begin PBXFileReference section */
		3ED43BBDD176FDB9F1DD59DA /* Pods_SceneryTrackerTests.framework */ = {isa = PBXFileReference; explicitFileType = wrapper.framework; includeInIndex = 0; path = Pods_SceneryTrackerTests.framework; sourceTree = BUILT_PRODUCTS_DIR; };
		411E8C561F583C26000A8F36 /* FlickrPhoto.swift */ = {isa = PBXFileReference; fileEncoding = 4; lastKnownFileType = sourcecode.swift; path = FlickrPhoto.swift; sourceTree = "<group>"; };
		411E8C581F583E9B000A8F36 /* FlickrPhotolViewModel.swift */ = {isa = PBXFileReference; fileEncoding = 4; lastKnownFileType = sourcecode.swift; path = FlickrPhotolViewModel.swift; sourceTree = "<group>"; };
		4122EA791F52D6070071C546 /* SceneryTracker.app */ = {isa = PBXFileReference; explicitFileType = wrapper.application; includeInIndex = 0; path = SceneryTracker.app; sourceTree = BUILT_PRODUCTS_DIR; };
		4122EA7C1F52D6070071C546 /* AppDelegate.swift */ = {isa = PBXFileReference; lastKnownFileType = sourcecode.swift; path = AppDelegate.swift; sourceTree = "<group>"; };
		4122EA811F52D6070071C546 /* Base */ = {isa = PBXFileReference; lastKnownFileType = file.storyboard; name = Base; path = Base.lproj/Main.storyboard; sourceTree = "<group>"; };
		4122EA831F52D6070071C546 /* Assets.xcassets */ = {isa = PBXFileReference; lastKnownFileType = folder.assetcatalog; path = Assets.xcassets; sourceTree = "<group>"; };
		4122EA861F52D6070071C546 /* Base */ = {isa = PBXFileReference; lastKnownFileType = file.storyboard; name = Base; path = Base.lproj/LaunchScreen.storyboard; sourceTree = "<group>"; };
		4122EA881F52D6070071C546 /* Info.plist */ = {isa = PBXFileReference; lastKnownFileType = text.plist.xml; path = Info.plist; sourceTree = "<group>"; };
		4122EA8F1F52D6740071C546 /* PhotoStream.swift */ = {isa = PBXFileReference; fileEncoding = 4; lastKnownFileType = sourcecode.swift; path = PhotoStream.swift; sourceTree = "<group>"; };
		4122EA921F52D67E0071C546 /* API.swift */ = {isa = PBXFileReference; fileEncoding = 4; lastKnownFileType = sourcecode.swift; name = API.swift; path = SceneryTracker/Helpers/API/API.swift; sourceTree = SOURCE_ROOT; };
		4122EA931F52D67E0071C546 /* FlickrAPI.swift */ = {isa = PBXFileReference; fileEncoding = 4; lastKnownFileType = sourcecode.swift; path = FlickrAPI.swift; sourceTree = "<group>"; };
		4122EA941F52D67E0071C546 /* Util.swift */ = {isa = PBXFileReference; fileEncoding = 4; lastKnownFileType = sourcecode.swift; path = Util.swift; sourceTree = "<group>"; };
		4122EA991F52D6850071C546 /* ImageCell.swift */ = {isa = PBXFileReference; fileEncoding = 4; lastKnownFileType = sourcecode.swift; path = ImageCell.swift; sourceTree = "<group>"; };
		4122EA9D1F52D9840071C546 /* Icon-60.png */ = {isa = PBXFileReference; lastKnownFileType = image.png; path = "Icon-60.png"; sourceTree = "<group>"; };
		4122EA9E1F52D9840071C546 /* Icon-60@2x.png */ = {isa = PBXFileReference; lastKnownFileType = image.png; path = "Icon-60@2x.png"; sourceTree = "<group>"; };
		4122EA9F1F52D9840071C546 /* Icon-60@3x.png */ = {isa = PBXFileReference; lastKnownFileType = image.png; path = "Icon-60@3x.png"; sourceTree = "<group>"; };
		4122EAA01F52D9840071C546 /* Icon-Small-40.png */ = {isa = PBXFileReference; lastKnownFileType = image.png; path = "Icon-Small-40.png"; sourceTree = "<group>"; };
		4122EAA11F52D9840071C546 /* Icon-Small-40@2x.png */ = {isa = PBXFileReference; lastKnownFileType = image.png; path = "Icon-Small-40@2x.png"; sourceTree = "<group>"; };
		4122EAA21F52D9840071C546 /* Icon-Small-40@3x.png */ = {isa = PBXFileReference; lastKnownFileType = image.png; path = "Icon-Small-40@3x.png"; sourceTree = "<group>"; };
		412DE8011F5978B10063E24E /* LocationManager.swift */ = {isa = PBXFileReference; fileEncoding = 4; lastKnownFileType = sourcecode.swift; path = LocationManager.swift; sourceTree = "<group>"; };
		412DE8071F59BE6B0063E24E /* SceneryTrackerTests.xctest */ = {isa = PBXFileReference; explicitFileType = wrapper.cfbundle; includeInIndex = 0; path = SceneryTrackerTests.xctest; sourceTree = BUILT_PRODUCTS_DIR; };
		412DE80B1F59BE6C0063E24E /* Info.plist */ = {isa = PBXFileReference; lastKnownFileType = text.plist.xml; path = Info.plist; sourceTree = "<group>"; };
		412DE8131F59BEF30063E24E /* FlickrAPITests.swift */ = {isa = PBXFileReference; fileEncoding = 4; lastKnownFileType = sourcecode.swift; path = FlickrAPITests.swift; sourceTree = "<group>"; };
		412DE8151F59BF120063E24E /* LocationManagerTests.swift */ = {isa = PBXFileReference; fileEncoding = 4; lastKnownFileType = sourcecode.swift; path = LocationManagerTests.swift; sourceTree = "<group>"; };
		4D02B3A6078113C96006B9A9 /* Pods-SceneryTracker.release.xcconfig */ = {isa = PBXFileReference; includeInIndex = 1; lastKnownFileType = text.xcconfig; name = "Pods-SceneryTracker.release.xcconfig"; path = "Pods/Target Support Files/Pods-SceneryTracker/Pods-SceneryTracker.release.xcconfig"; sourceTree = "<group>"; };
		670C9E4DB13D566C0903FBE5 /* Pods-SceneryTracker.debug.xcconfig */ = {isa = PBXFileReference; includeInIndex = 1; lastKnownFileType = text.xcconfig; name = "Pods-SceneryTracker.debug.xcconfig"; path = "Pods/Target Support Files/Pods-SceneryTracker/Pods-SceneryTracker.debug.xcconfig"; sourceTree = "<group>"; };
		6EA50C38911AF7A454D61478 /* Pods-SceneryTrackerTests.release.xcconfig */ = {isa = PBXFileReference; includeInIndex = 1; lastKnownFileType = text.xcconfig; name = "Pods-SceneryTrackerTests.release.xcconfig"; path = "Pods/Target Support Files/Pods-SceneryTrackerTests/Pods-SceneryTrackerTests.release.xcconfig"; sourceTree = "<group>"; };
		813B87CED07A011F27FF0F47 /* Pods_SceneryTracker.framework */ = {isa = PBXFileReference; explicitFileType = wrapper.framework; includeInIndex = 0; path = Pods_SceneryTracker.framework; sourceTree = BUILT_PRODUCTS_DIR; };
		EC571B3A4A6A9C1E6DD9061B /* Pods-SceneryTrackerTests.debug.xcconfig */ = {isa = PBXFileReference; includeInIndex = 1; lastKnownFileType = text.xcconfig; name = "Pods-SceneryTrackerTests.debug.xcconfig"; path = "Pods/Target Support Files/Pods-SceneryTrackerTests/Pods-SceneryTrackerTests.debug.xcconfig"; sourceTree = "<group>"; };
/* End PBXFileReference section */

/* Begin PBXFrameworksBuildPhase section */
		4122EA761F52D6070071C546 /* Frameworks */ = {
			isa = PBXFrameworksBuildPhase;
			buildActionMask = 2147483647;
			files = (
				AEA39531D97F369B3C1B9795 /* Pods_SceneryTracker.framework in Frameworks */,
			);
			runOnlyForDeploymentPostprocessing = 0;
		};
		412DE8041F59BE6B0063E24E /* Frameworks */ = {
			isa = PBXFrameworksBuildPhase;
			buildActionMask = 2147483647;
			files = (
				F5F446302709852E25AAA817 /* Pods_SceneryTrackerTests.framework in Frameworks */,
			);
			runOnlyForDeploymentPostprocessing = 0;
		};
/* End PBXFrameworksBuildPhase section */

/* Begin PBXGroup section */
		411E8C541F583BA0000A8F36 /* Model */ = {
			isa = PBXGroup;
			children = (
				411E8C561F583C26000A8F36 /* FlickrPhoto.swift */,
			);
			path = Model;
			sourceTree = "<group>";
		};
		411E8C551F583BA0000A8F36 /* View Model */ = {
			isa = PBXGroup;
			children = (
				411E8C581F583E9B000A8F36 /* FlickrPhotolViewModel.swift */,
			);
			name = "View Model";
			path = "Model View";
			sourceTree = "<group>";
		};
		4122EA701F52D6070071C546 = {
			isa = PBXGroup;
			children = (
				4122EA7B1F52D6070071C546 /* SceneryTracker */,
				412DE8081F59BE6C0063E24E /* SceneryTrackerTests */,
				4122EA7A1F52D6070071C546 /* Products */,
				D928ACAF9B4CDDAC1A8B8D59 /* Pods */,
				89882289E838F05584F499C5 /* Frameworks */,
			);
			sourceTree = "<group>";
		};
		4122EA7A1F52D6070071C546 /* Products */ = {
			isa = PBXGroup;
			children = (
				4122EA791F52D6070071C546 /* SceneryTracker.app */,
				412DE8071F59BE6B0063E24E /* SceneryTrackerTests.xctest */,
			);
			name = Products;
			sourceTree = "<group>";
		};
		4122EA7B1F52D6070071C546 /* SceneryTracker */ = {
			isa = PBXGroup;
			children = (
				411E8C541F583BA0000A8F36 /* Model */,
				411E8C551F583BA0000A8F36 /* View Model */,
				4122EA9B1F52D9840071C546 /* Assets */,
				4122EA981F52D6850071C546 /* Views */,
				4122EA911F52D67E0071C546 /* Helpers */,
				4122EA8E1F52D6740071C546 /* Controllers */,
				4122EA7C1F52D6070071C546 /* AppDelegate.swift */,
				4122EA801F52D6070071C546 /* Main.storyboard */,
				4122EA831F52D6070071C546 /* Assets.xcassets */,
				4122EA851F52D6070071C546 /* LaunchScreen.storyboard */,
				4122EA881F52D6070071C546 /* Info.plist */,
			);
			path = SceneryTracker;
			sourceTree = "<group>";
		};
		4122EA8E1F52D6740071C546 /* Controllers */ = {
			isa = PBXGroup;
			children = (
				4122EA8F1F52D6740071C546 /* PhotoStream.swift */,
			);
			path = Controllers;
			sourceTree = "<group>";
		};
		4122EA911F52D67E0071C546 /* Helpers */ = {
			isa = PBXGroup;
			children = (
				412DE8001F5973E70063E24E /* API */,
				4122EA941F52D67E0071C546 /* Util.swift */,
				412DE8011F5978B10063E24E /* LocationManager.swift */,
			);
			path = Helpers;
			sourceTree = "<group>";
		};
		4122EA981F52D6850071C546 /* Views */ = {
			isa = PBXGroup;
			children = (
				4122EA991F52D6850071C546 /* ImageCell.swift */,
			);
			path = Views;
			sourceTree = "<group>";
		};
		4122EA9B1F52D9840071C546 /* Assets */ = {
			isa = PBXGroup;
			children = (
				4122EA9C1F52D9840071C546 /* Icons */,
			);
			path = Assets;
			sourceTree = "<group>";
		};
		4122EA9C1F52D9840071C546 /* Icons */ = {
			isa = PBXGroup;
			children = (
				4122EA9D1F52D9840071C546 /* Icon-60.png */,
				4122EA9E1F52D9840071C546 /* Icon-60@2x.png */,
				4122EA9F1F52D9840071C546 /* Icon-60@3x.png */,
				4122EAA01F52D9840071C546 /* Icon-Small-40.png */,
				4122EAA11F52D9840071C546 /* Icon-Small-40@2x.png */,
				4122EAA21F52D9840071C546 /* Icon-Small-40@3x.png */,
			);
			path = Icons;
			sourceTree = "<group>";
		};
		412DE8001F5973E70063E24E /* API */ = {
			isa = PBXGroup;
			children = (
				4122EA921F52D67E0071C546 /* API.swift */,
				4122EA931F52D67E0071C546 /* FlickrAPI.swift */,
			);
			path = API;
			sourceTree = "<group>";
		};
		412DE8081F59BE6C0063E24E /* SceneryTrackerTests */ = {
			isa = PBXGroup;
			children = (
				412DE8111F59BEA90063E24E /* API */,
				412DE8121F59BEA90063E24E /* LocationManager */,
				412DE80B1F59BE6C0063E24E /* Info.plist */,
			);
			path = SceneryTrackerTests;
			sourceTree = "<group>";
		};
		412DE8111F59BEA90063E24E /* API */ = {
			isa = PBXGroup;
			children = (
				412DE8131F59BEF30063E24E /* FlickrAPITests.swift */,
			);
			path = API;
			sourceTree = "<group>";
		};
		412DE8121F59BEA90063E24E /* LocationManager */ = {
			isa = PBXGroup;
			children = (
				412DE8151F59BF120063E24E /* LocationManagerTests.swift */,
			);
			path = LocationManager;
			sourceTree = "<group>";
		};
		89882289E838F05584F499C5 /* Frameworks */ = {
			isa = PBXGroup;
			children = (
				813B87CED07A011F27FF0F47 /* Pods_SceneryTracker.framework */,
				3ED43BBDD176FDB9F1DD59DA /* Pods_SceneryTrackerTests.framework */,
			);
			name = Frameworks;
			sourceTree = "<group>";
		};
		D928ACAF9B4CDDAC1A8B8D59 /* Pods */ = {
			isa = PBXGroup;
			children = (
				670C9E4DB13D566C0903FBE5 /* Pods-SceneryTracker.debug.xcconfig */,
				4D02B3A6078113C96006B9A9 /* Pods-SceneryTracker.release.xcconfig */,
				EC571B3A4A6A9C1E6DD9061B /* Pods-SceneryTrackerTests.debug.xcconfig */,
				6EA50C38911AF7A454D61478 /* Pods-SceneryTrackerTests.release.xcconfig */,
			);
			name = Pods;
			sourceTree = "<group>";
		};
/* End PBXGroup section */

/* Begin PBXNativeTarget section */
		4122EA781F52D6070071C546 /* SceneryTracker */ = {
			isa = PBXNativeTarget;
			buildConfigurationList = 4122EA8B1F52D6070071C546 /* Build configuration list for PBXNativeTarget "SceneryTracker" */;
			buildPhases = (
				C948BAACF80B3ECFFA34F241 /* [CP] Check Pods Manifest.lock */,
				4122EA751F52D6070071C546 /* Sources */,
				4122EA761F52D6070071C546 /* Frameworks */,
				4122EA771F52D6070071C546 /* Resources */,
				4E199DB9367FEBCCA1BA32D1 /* [CP] Embed Pods Frameworks */,
				2D682CBD36507F77EB04D601 /* [CP] Copy Pods Resources */,
			);
			buildRules = (
			);
			dependencies = (
			);
			name = SceneryTracker;
			productName = SceneryTracker;
			productReference = 4122EA791F52D6070071C546 /* SceneryTracker.app */;
			productType = "com.apple.product-type.application";
		};
		412DE8061F59BE6B0063E24E /* SceneryTrackerTests */ = {
			isa = PBXNativeTarget;
			buildConfigurationList = 412DE8101F59BE6C0063E24E /* Build configuration list for PBXNativeTarget "SceneryTrackerTests" */;
			buildPhases = (
				55A2930695AAFDFCFA69CD99 /* [CP] Check Pods Manifest.lock */,
				412DE8031F59BE6B0063E24E /* Sources */,
				412DE8041F59BE6B0063E24E /* Frameworks */,
				412DE8051F59BE6B0063E24E /* Resources */,
				C54A38978BFC83CD36FAA354 /* [CP] Embed Pods Frameworks */,
				5475DBF0623EAAFDA6712E08 /* [CP] Copy Pods Resources */,
			);
			buildRules = (
			);
			dependencies = (
				412DE80D1F59BE6C0063E24E /* PBXTargetDependency */,
			);
			name = SceneryTrackerTests;
			productName = SceneryTrackerTests;
			productReference = 412DE8071F59BE6B0063E24E /* SceneryTrackerTests.xctest */;
			productType = "com.apple.product-type.bundle.unit-test";
		};
/* End PBXNativeTarget section */

/* Begin PBXProject section */
		4122EA711F52D6070071C546 /* Project object */ = {
			isa = PBXProject;
			attributes = {
				LastSwiftUpdateCheck = 0830;
				LastUpgradeCheck = 0830;
				ORGANIZATIONNAME = SceneryTracker;
				TargetAttributes = {
					4122EA781F52D6070071C546 = {
						CreatedOnToolsVersion = 8.3.3;
						DevelopmentTeam = GZN289VFL5;
						ProvisioningStyle = Automatic;
						SystemCapabilities = {
							com.apple.BackgroundModes = {
								enabled = 1;
							};
						};
					};
					412DE8061F59BE6B0063E24E = {
						CreatedOnToolsVersion = 8.3.3;
						DevelopmentTeam = GZN289VFL5;
						ProvisioningStyle = Automatic;
						TestTargetID = 4122EA781F52D6070071C546;
					};
				};
			};
			buildConfigurationList = 4122EA741F52D6070071C546 /* Build configuration list for PBXProject "SceneryTracker" */;
			compatibilityVersion = "Xcode 3.2";
			developmentRegion = English;
			hasScannedForEncodings = 0;
			knownRegions = (
				en,
				Base,
			);
			mainGroup = 4122EA701F52D6070071C546;
			productRefGroup = 4122EA7A1F52D6070071C546 /* Products */;
			projectDirPath = "";
			projectRoot = "";
			targets = (
				4122EA781F52D6070071C546 /* SceneryTracker */,
				412DE8061F59BE6B0063E24E /* SceneryTrackerTests */,
			);
		};
/* End PBXProject section */

/* Begin PBXResourcesBuildPhase section */
		4122EA771F52D6070071C546 /* Resources */ = {
			isa = PBXResourcesBuildPhase;
			buildActionMask = 2147483647;
			files = (
				4122EAA51F52D9840071C546 /* Icon-60@3x.png in Resources */,
				4122EAA71F52D9840071C546 /* Icon-Small-40@2x.png in Resources */,
				4122EA871F52D6070071C546 /* LaunchScreen.storyboard in Resources */,
				4122EAA61F52D9840071C546 /* Icon-Small-40.png in Resources */,
				4122EAA81F52D9840071C546 /* Icon-Small-40@3x.png in Resources */,
				4122EAA41F52D9840071C546 /* Icon-60@2x.png in Resources */,
				4122EA841F52D6070071C546 /* Assets.xcassets in Resources */,
				4122EAA31F52D9840071C546 /* Icon-60.png in Resources */,
				4122EA821F52D6070071C546 /* Main.storyboard in Resources */,
			);
			runOnlyForDeploymentPostprocessing = 0;
		};
		412DE8051F59BE6B0063E24E /* Resources */ = {
			isa = PBXResourcesBuildPhase;
			buildActionMask = 2147483647;
			files = (
			);
			runOnlyForDeploymentPostprocessing = 0;
		};
/* End PBXResourcesBuildPhase section */

/* Begin PBXShellScriptBuildPhase section */
		2D682CBD36507F77EB04D601 /* [CP] Copy Pods Resources */ = {
			isa = PBXShellScriptBuildPhase;
			buildActionMask = 2147483647;
			files = (
			);
			inputPaths = (
			);
			name = "[CP] Copy Pods Resources";
			outputPaths = (
			);
			runOnlyForDeploymentPostprocessing = 0;
			shellPath = /bin/sh;
			shellScript = "\"${SRCROOT}/Pods/Target Support Files/Pods-SceneryTracker/Pods-SceneryTracker-resources.sh\"\n";
			showEnvVarsInLog = 0;
		};
		4E199DB9367FEBCCA1BA32D1 /* [CP] Embed Pods Frameworks */ = {
			isa = PBXShellScriptBuildPhase;
			buildActionMask = 2147483647;
			files = (
			);
			inputPaths = (
				"${SRCROOT}/Pods/Target Support Files/Pods-SceneryTracker/Pods-SceneryTracker-frameworks.sh",
				"${BUILT_PRODUCTS_DIR}/Alamofire/Alamofire.framework",
				"${BUILT_PRODUCTS_DIR}/AlamofireObjectMapper/AlamofireObjectMapper.framework",
				"${BUILT_PRODUCTS_DIR}/Kingfisher/Kingfisher.framework",
				"${BUILT_PRODUCTS_DIR}/ObjectMapper/ObjectMapper.framework",
			);
			name = "[CP] Embed Pods Frameworks";
			outputPaths = (
				"${TARGET_BUILD_DIR}/${FRAMEWORKS_FOLDER_PATH}/Alamofire.framework",
				"${TARGET_BUILD_DIR}/${FRAMEWORKS_FOLDER_PATH}/AlamofireObjectMapper.framework",
				"${TARGET_BUILD_DIR}/${FRAMEWORKS_FOLDER_PATH}/Kingfisher.framework",
				"${TARGET_BUILD_DIR}/${FRAMEWORKS_FOLDER_PATH}/ObjectMapper.framework",
			);
			runOnlyForDeploymentPostprocessing = 0;
			shellPath = /bin/sh;
			shellScript = "\"${SRCROOT}/Pods/Target Support Files/Pods-SceneryTracker/Pods-SceneryTracker-frameworks.sh\"\n";
			showEnvVarsInLog = 0;
		};
		5475DBF0623EAAFDA6712E08 /* [CP] Copy Pods Resources */ = {
			isa = PBXShellScriptBuildPhase;
			buildActionMask = 2147483647;
			files = (
			);
			inputPaths = (
			);
			name = "[CP] Copy Pods Resources";
			outputPaths = (
			);
			runOnlyForDeploymentPostprocessing = 0;
			shellPath = /bin/sh;
			shellScript = "\"${SRCROOT}/Pods/Target Support Files/Pods-SceneryTrackerTests/Pods-SceneryTrackerTests-resources.sh\"\n";
			showEnvVarsInLog = 0;
		};
		55A2930695AAFDFCFA69CD99 /* [CP] Check Pods Manifest.lock */ = {
			isa = PBXShellScriptBuildPhase;
			buildActionMask = 2147483647;
			files = (
			);
			inputPaths = (
				"${PODS_PODFILE_DIR_PATH}/Podfile.lock",
				"${PODS_ROOT}/Manifest.lock",
			);
			name = "[CP] Check Pods Manifest.lock";
			outputPaths = (
				"$(DERIVED_FILE_DIR)/Pods-SceneryTrackerTests-checkManifestLockResult.txt",
			);
			runOnlyForDeploymentPostprocessing = 0;
			shellPath = /bin/sh;
			shellScript = "diff \"${PODS_PODFILE_DIR_PATH}/Podfile.lock\" \"${PODS_ROOT}/Manifest.lock\" > /dev/null\nif [ $? != 0 ] ; then\n    # print error to STDERR\n    echo \"error: The sandbox is not in sync with the Podfile.lock. Run 'pod install' or update your CocoaPods installation.\" >&2\n    exit 1\nfi\n# This output is used by Xcode 'outputs' to avoid re-running this script phase.\necho \"SUCCESS\" > \"${SCRIPT_OUTPUT_FILE_0}\"\n";
			showEnvVarsInLog = 0;
		};
		C54A38978BFC83CD36FAA354 /* [CP] Embed Pods Frameworks */ = {
			isa = PBXShellScriptBuildPhase;
			buildActionMask = 2147483647;
			files = (
			);
			inputPaths = (
				"${SRCROOT}/Pods/Target Support Files/Pods-SceneryTrackerTests/Pods-SceneryTrackerTests-frameworks.sh",
				"${BUILT_PRODUCTS_DIR}/Alamofire/Alamofire.framework",
				"${BUILT_PRODUCTS_DIR}/AlamofireObjectMapper/AlamofireObjectMapper.framework",
				"${BUILT_PRODUCTS_DIR}/ObjectMapper/ObjectMapper.framework",
			);
			name = "[CP] Embed Pods Frameworks";
			outputPaths = (
				"${TARGET_BUILD_DIR}/${FRAMEWORKS_FOLDER_PATH}/Alamofire.framework",
				"${TARGET_BUILD_DIR}/${FRAMEWORKS_FOLDER_PATH}/AlamofireObjectMapper.framework",
				"${TARGET_BUILD_DIR}/${FRAMEWORKS_FOLDER_PATH}/ObjectMapper.framework",
			);
			runOnlyForDeploymentPostprocessing = 0;
			shellPath = /bin/sh;
			shellScript = "\"${SRCROOT}/Pods/Target Support Files/Pods-SceneryTrackerTests/Pods-SceneryTrackerTests-frameworks.sh\"\n";
			showEnvVarsInLog = 0;
		};
		C948BAACF80B3ECFFA34F241 /* [CP] Check Pods Manifest.lock */ = {
			isa = PBXShellScriptBuildPhase;
			buildActionMask = 2147483647;
			files = (
			);
			inputPaths = (
				"${PODS_PODFILE_DIR_PATH}/Podfile.lock",
				"${PODS_ROOT}/Manifest.lock",
			);
			name = "[CP] Check Pods Manifest.lock";
			outputPaths = (
				"$(DERIVED_FILE_DIR)/Pods-SceneryTracker-checkManifestLockResult.txt",
			);
			runOnlyForDeploymentPostprocessing = 0;
			shellPath = /bin/sh;
			shellScript = "diff \"${PODS_PODFILE_DIR_PATH}/Podfile.lock\" \"${PODS_ROOT}/Manifest.lock\" > /dev/null\nif [ $? != 0 ] ; then\n    # print error to STDERR\n    echo \"error: The sandbox is not in sync with the Podfile.lock. Run 'pod install' or update your CocoaPods installation.\" >&2\n    exit 1\nfi\n# This output is used by Xcode 'outputs' to avoid re-running this script phase.\necho \"SUCCESS\" > \"${SCRIPT_OUTPUT_FILE_0}\"\n";
			showEnvVarsInLog = 0;
		};
/* End PBXShellScriptBuildPhase section */

/* Begin PBXSourcesBuildPhase section */
		4122EA751F52D6070071C546 /* Sources */ = {
			isa = PBXSourcesBuildPhase;
			buildActionMask = 2147483647;
			files = (
				4122EA971F52D67E0071C546 /* Util.swift in Sources */,
				4122EA901F52D6740071C546 /* PhotoStream.swift in Sources */,
				411E8C571F583C26000A8F36 /* FlickrPhoto.swift in Sources */,
				4122EA7D1F52D6070071C546 /* AppDelegate.swift in Sources */,
				4122EA951F52D67E0071C546 /* API.swift in Sources */,
				4122EA9A1F52D6850071C546 /* ImageCell.swift in Sources */,
				411E8C591F583E9B000A8F36 /* FlickrPhotolViewModel.swift in Sources */,
				4122EA961F52D67E0071C546 /* FlickrAPI.swift in Sources */,
				412DE8021F5978B10063E24E /* LocationManager.swift in Sources */,
			);
			runOnlyForDeploymentPostprocessing = 0;
		};
		412DE8031F59BE6B0063E24E /* Sources */ = {
			isa = PBXSourcesBuildPhase;
			buildActionMask = 2147483647;
			files = (
				412DE8161F59BF120063E24E /* LocationManagerTests.swift in Sources */,
				412DE8141F59BEF30063E24E /* FlickrAPITests.swift in Sources */,
			);
			runOnlyForDeploymentPostprocessing = 0;
		};
/* End PBXSourcesBuildPhase section */

/* Begin PBXTargetDependency section */
		412DE80D1F59BE6C0063E24E /* PBXTargetDependency */ = {
			isa = PBXTargetDependency;
			target = 4122EA781F52D6070071C546 /* SceneryTracker */;
			targetProxy = 412DE80C1F59BE6C0063E24E /* PBXContainerItemProxy */;
		};
/* End PBXTargetDependency section */

/* Begin PBXVariantGroup section */
		4122EA801F52D6070071C546 /* Main.storyboard */ = {
			isa = PBXVariantGroup;
			children = (
				4122EA811F52D6070071C546 /* Base */,
			);
			name = Main.storyboard;
			sourceTree = "<group>";
		};
		4122EA851F52D6070071C546 /* LaunchScreen.storyboard */ = {
			isa = PBXVariantGroup;
			children = (
				4122EA861F52D6070071C546 /* Base */,
			);
			name = LaunchScreen.storyboard;
			sourceTree = "<group>";
		};
/* End PBXVariantGroup section */

/* Begin XCBuildConfiguration section */
		4122EA891F52D6070071C546 /* Debug */ = {
			isa = XCBuildConfiguration;
			buildSettings = {
				ALWAYS_SEARCH_USER_PATHS = NO;
				CLANG_ANALYZER_NONNULL = YES;
				CLANG_ANALYZER_NUMBER_OBJECT_CONVERSION = YES_AGGRESSIVE;
				CLANG_CXX_LANGUAGE_STANDARD = "gnu++0x";
				CLANG_CXX_LIBRARY = "libc++";
				CLANG_ENABLE_MODULES = YES;
				CLANG_ENABLE_OBJC_ARC = YES;
				CLANG_WARN_BOOL_CONVERSION = YES;
				CLANG_WARN_CONSTANT_CONVERSION = YES;
				CLANG_WARN_DIRECT_OBJC_ISA_USAGE = YES_ERROR;
				CLANG_WARN_DOCUMENTATION_COMMENTS = YES;
				CLANG_WARN_EMPTY_BODY = YES;
				CLANG_WARN_ENUM_CONVERSION = YES;
				CLANG_WARN_INFINITE_RECURSION = YES;
				CLANG_WARN_INT_CONVERSION = YES;
				CLANG_WARN_OBJC_ROOT_CLASS = YES_ERROR;
				CLANG_WARN_SUSPICIOUS_MOVE = YES;
				CLANG_WARN_UNREACHABLE_CODE = YES;
				CLANG_WARN__DUPLICATE_METHOD_MATCH = YES;
				"CODE_SIGN_IDENTITY[sdk=iphoneos*]" = "iPhone Developer";
				COPY_PHASE_STRIP = NO;
				DEBUG_INFORMATION_FORMAT = dwarf;
				ENABLE_STRICT_OBJC_MSGSEND = YES;
				ENABLE_TESTABILITY = YES;
				GCC_C_LANGUAGE_STANDARD = gnu99;
				GCC_DYNAMIC_NO_PIC = NO;
				GCC_NO_COMMON_BLOCKS = YES;
				GCC_OPTIMIZATION_LEVEL = 0;
				GCC_PREPROCESSOR_DEFINITIONS = (
					"DEBUG=1",
					"$(inherited)",
				);
				GCC_WARN_64_TO_32_BIT_CONVERSION = YES;
				GCC_WARN_ABOUT_RETURN_TYPE = YES_ERROR;
				GCC_WARN_UNDECLARED_SELECTOR = YES;
				GCC_WARN_UNINITIALIZED_AUTOS = YES_AGGRESSIVE;
				GCC_WARN_UNUSED_FUNCTION = YES;
				GCC_WARN_UNUSED_VARIABLE = YES;
				IPHONEOS_DEPLOYMENT_TARGET = 10.3;
				MTL_ENABLE_DEBUG_INFO = YES;
				ONLY_ACTIVE_ARCH = YES;
				SDKROOT = iphoneos;
				SWIFT_ACTIVE_COMPILATION_CONDITIONS = DEBUG;
				SWIFT_OPTIMIZATION_LEVEL = "-Onone";
			};
			name = Debug;
		};
		4122EA8A1F52D6070071C546 /* Release */ = {
			isa = XCBuildConfiguration;
			buildSettings = {
				ALWAYS_SEARCH_USER_PATHS = NO;
				CLANG_ANALYZER_NONNULL = YES;
				CLANG_ANALYZER_NUMBER_OBJECT_CONVERSION = YES_AGGRESSIVE;
				CLANG_CXX_LANGUAGE_STANDARD = "gnu++0x";
				CLANG_CXX_LIBRARY = "libc++";
				CLANG_ENABLE_MODULES = YES;
				CLANG_ENABLE_OBJC_ARC = YES;
				CLANG_WARN_BOOL_CONVERSION = YES;
				CLANG_WARN_CONSTANT_CONVERSION = YES;
				CLANG_WARN_DIRECT_OBJC_ISA_USAGE = YES_ERROR;
				CLANG_WARN_DOCUMENTATION_COMMENTS = YES;
				CLANG_WARN_EMPTY_BODY = YES;
				CLANG_WARN_ENUM_CONVERSION = YES;
				CLANG_WARN_INFINITE_RECURSION = YES;
				CLANG_WARN_INT_CONVERSION = YES;
				CLANG_WARN_OBJC_ROOT_CLASS = YES_ERROR;
				CLANG_WARN_SUSPICIOUS_MOVE = YES;
				CLANG_WARN_UNREACHABLE_CODE = YES;
				CLANG_WARN__DUPLICATE_METHOD_MATCH = YES;
				"CODE_SIGN_IDENTITY[sdk=iphoneos*]" = "iPhone Developer";
				COPY_PHASE_STRIP = NO;
				DEBUG_INFORMATION_FORMAT = "dwarf-with-dsym";
				ENABLE_NS_ASSERTIONS = NO;
				ENABLE_STRICT_OBJC_MSGSEND = YES;
				GCC_C_LANGUAGE_STANDARD = gnu99;
				GCC_NO_COMMON_BLOCKS = YES;
				GCC_WARN_64_TO_32_BIT_CONVERSION = YES;
				GCC_WARN_ABOUT_RETURN_TYPE = YES_ERROR;
				GCC_WARN_UNDECLARED_SELECTOR = YES;
				GCC_WARN_UNINITIALIZED_AUTOS = YES_AGGRESSIVE;
				GCC_WARN_UNUSED_FUNCTION = YES;
				GCC_WARN_UNUSED_VARIABLE = YES;
				IPHONEOS_DEPLOYMENT_TARGET = 10.3;
				MTL_ENABLE_DEBUG_INFO = NO;
				SDKROOT = iphoneos;
				SWIFT_OPTIMIZATION_LEVEL = "-Owholemodule";
				VALIDATE_PRODUCT = YES;
			};
			name = Release;
		};
		4122EA8C1F52D6070071C546 /* Debug */ = {
			isa = XCBuildConfiguration;
			baseConfigurationReference = 670C9E4DB13D566C0903FBE5 /* Pods-SceneryTracker.debug.xcconfig */;
			buildSettings = {
				ASSETCATALOG_COMPILER_APPICON_NAME = AppIcon;
				DEVELOPMENT_TEAM = GZN289VFL5;
				INFOPLIST_FILE = SceneryTracker/Info.plist;
				LD_RUNPATH_SEARCH_PATHS = "$(inherited) @executable_path/Frameworks";
				PRODUCT_BUNDLE_IDENTIFIER = com.SceneryTracker;
				PRODUCT_NAME = "$(TARGET_NAME)";
				SWIFT_VERSION = 3.0;
			};
			name = Debug;
		};
		4122EA8D1F52D6070071C546 /* Release */ = {
			isa = XCBuildConfiguration;
			baseConfigurationReference = 4D02B3A6078113C96006B9A9 /* Pods-SceneryTracker.release.xcconfig */;
			buildSettings = {
				ASSETCATALOG_COMPILER_APPICON_NAME = AppIcon;
				DEVELOPMENT_TEAM = GZN289VFL5;
				INFOPLIST_FILE = SceneryTracker/Info.plist;
				LD_RUNPATH_SEARCH_PATHS = "$(inherited) @executable_path/Frameworks";
				PRODUCT_BUNDLE_IDENTIFIER = com.SceneryTracker;
				PRODUCT_NAME = "$(TARGET_NAME)";
				SWIFT_VERSION = 3.0;
			};
			name = Release;
		};
		412DE80E1F59BE6C0063E24E /* Debug */ = {
			isa = XCBuildConfiguration;
			baseConfigurationReference = EC571B3A4A6A9C1E6DD9061B /* Pods-SceneryTrackerTests.debug.xcconfig */;
			buildSettings = {
				BUNDLE_LOADER = "$(TEST_HOST)";
				DEVELOPMENT_TEAM = GZN289VFL5;
				INFOPLIST_FILE = SceneryTrackerTests/Info.plist;
				LD_RUNPATH_SEARCH_PATHS = "$(inherited) @executable_path/Frameworks @loader_path/Frameworks";
				PRODUCT_BUNDLE_IDENTIFIER = com.SceneryTrackerTests;
				PRODUCT_NAME = "$(TARGET_NAME)";
				SWIFT_VERSION = 3.0;
				TEST_HOST = "$(BUILT_PRODUCTS_DIR)/SceneryTracker.app/SceneryTracker";
			};
			name = Debug;
		};
		412DE80F1F59BE6C0063E24E /* Release */ = {
			isa = XCBuildConfiguration;
			baseConfigurationReference = 6EA50C38911AF7A454D61478 /* Pods-SceneryTrackerTests.release.xcconfig */;
			buildSettings = {
				BUNDLE_LOADER = "$(TEST_HOST)";
				DEVELOPMENT_TEAM = GZN289VFL5;
				INFOPLIST_FILE = SceneryTrackerTests/Info.plist;
				LD_RUNPATH_SEARCH_PATHS = "$(inherited) @executable_path/Frameworks @loader_path/Frameworks";
				PRODUCT_BUNDLE_IDENTIFIER = com.SceneryTrackerTests;
				PRODUCT_NAME = "$(TARGET_NAME)";
				SWIFT_VERSION = 3.0;
				TEST_HOST = "$(BUILT_PRODUCTS_DIR)/SceneryTracker.app/SceneryTracker";
			};
			name = Release;
		};
/* End XCBuildConfiguration section */

/* Begin XCConfigurationList section */
		4122EA741F52D6070071C546 /* Build configuration list for PBXProject "SceneryTracker" */ = {
			isa = XCConfigurationList;
			buildConfigurations = (
				4122EA891F52D6070071C546 /* Debug */,
				4122EA8A1F52D6070071C546 /* Release */,
			);
			defaultConfigurationIsVisible = 0;
			defaultConfigurationName = Release;
		};
		4122EA8B1F52D6070071C546 /* Build configuration list for PBXNativeTarget "SceneryTracker" */ = {
			isa = XCConfigurationList;
			buildConfigurations = (
				4122EA8C1F52D6070071C546 /* Debug */,
				4122EA8D1F52D6070071C546 /* Release */,
			);
			defaultConfigurationIsVisible = 0;
			defaultConfigurationName = Release;
		};
		412DE8101F59BE6C0063E24E /* Build configuration list for PBXNativeTarget "SceneryTrackerTests" */ = {
			isa = XCConfigurationList;
			buildConfigurations = (
				412DE80E1F59BE6C0063E24E /* Debug */,
				412DE80F1F59BE6C0063E24E /* Release */,
			);
			defaultConfigurationIsVisible = 0;
		};
/* End XCConfigurationList section */
	};
	rootObject = 4122EA711F52D6070071C546 /* Project object */;
}
